
Microsoft Visual Studio Solution File, Format Version 12.00
# Visual Studio Version 16
VisualStudioVersion = 16.0.30204.135
MinimumVisualStudioVersion = 10.0.40219.1
Project("{FAE04EC0-301F-11D3-BF4B-00C04F79EFBC}") = "MobilePlans", "MainForm\MobilePlans.csproj", "{4762FDA2-7819-44F5-A4D7-71197B18BE0E}"
EndProject
Global
	GlobalSection(SolutionConfigurationPlatforms) = preSolution
		Debug|Any CPU = Debug|Any CPU
		Release|Any CPU = Release|Any CPU
	EndGlobalSection
	GlobalSection(ProjectConfigurationPlatforms) = postSolution
		{4762FDA2-7819-44F5-A4D7-71197B18BE0E}.Debug|Any CPU.ActiveCfg = Debug|Any CPU
		{4762FDA2-7819-44F5-A4D7-71197B18BE0E}.Debug|Any CPU.Build.0 = Debug|Any CPU
		{4762FDA2-7819-44F5-A4D7-71197B18BE0E}.Release|Any CPU.ActiveCfg = Release|Any CPU
		{4762FDA2-7819-44F5-A4D7-71197B18BE0E}.Release|Any CPU.Build.0 = Release|Any CPU
	EndGlobalSection
	GlobalSection(SolutionProperties) = preSolution
		HideSolutionNode = FALSE
	EndGlobalSection
	GlobalSection(ExtensibilityGlobals) = postSolution
		SolutionGuid = {C45EA759-C7CA-45FF-927F-83D096389C9A}
	EndGlobalSection
EndGlobal
