
Microsoft Visual Studio Solution File, Format Version 12.00
# Visual Studio Version 16
VisualStudioVersion = 16.0.30320.27
MinimumVisualStudioVersion = 10.0.40219.1
Project("{FAE04EC0-301F-11D3-BF4B-00C04F79EFBC}") = "1", "1\1.csproj", "{ACC908D6-02EB-4200-85ED-2C9EFA69C134}"
EndProject
Project("{FAE04EC0-301F-11D3-BF4B-00C04F79EFBC}") = "2", "2\2.csproj", "{B269B4DD-5043-41D0-8B95-FD93037927F1}"
EndProject
Global
	GlobalSection(SolutionConfigurationPlatforms) = preSolution
		Debug|Any CPU = Debug|Any CPU
		Release|Any CPU = Release|Any CPU
	EndGlobalSection
	GlobalSection(ProjectConfigurationPlatforms) = postSolution
		{ACC908D6-02EB-4200-85ED-2C9EFA69C134}.Debug|Any CPU.ActiveCfg = Debug|Any CPU
		{ACC908D6-02EB-4200-85ED-2C9EFA69C134}.Debug|Any CPU.Build.0 = Debug|Any CPU
		{ACC908D6-02EB-4200-85ED-2C9EFA69C134}.Release|Any CPU.ActiveCfg = Release|Any CPU
		{ACC908D6-02EB-4200-85ED-2C9EFA69C134}.Release|Any CPU.Build.0 = Release|Any CPU
		{B269B4DD-5043-41D0-8B95-FD93037927F1}.Debug|Any CPU.ActiveCfg = Debug|Any CPU
		{B269B4DD-5043-41D0-8B95-FD93037927F1}.Debug|Any CPU.Build.0 = Debug|Any CPU
		{B269B4DD-5043-41D0-8B95-FD93037927F1}.Release|Any CPU.ActiveCfg = Release|Any CPU
		{B269B4DD-5043-41D0-8B95-FD93037927F1}.Release|Any CPU.Build.0 = Release|Any CPU
	EndGlobalSection
	GlobalSection(SolutionProperties) = preSolution
		HideSolutionNode = FALSE
	EndGlobalSection
	GlobalSection(ExtensibilityGlobals) = postSolution
		SolutionGuid = {BDB88DE0-F3BE-4E49-A4B9-59D0A049C07D}
	EndGlobalSection
EndGlobal
